
Microsoft Visual Studio Solution File, Format Version 12.00
# Visual Studio Version 17
VisualStudioVersion = 17.12.35527.113 d17.12
MinimumVisualStudioVersion = 10.0.40219.1
Project("{FAE04EC0-301F-11D3-BF4B-00C04F79EFBC}") = "TransformeseApp2.UI", "TransformeseApp2.UI\TransformeseApp2.UI.csproj", "{467289D8-8051-4CAF-859A-DA3411BA89F6}"
EndProject
Project("{FAE04EC0-301F-11D3-BF4B-00C04F79EFBC}") = "TransformeseApp2.DTO", "TransformeseApp2.DTO\TransformeseApp2.DTO.csproj", "{24C55181-92D3-4D2A-8276-8497B285E4DD}"
EndProject
Global
	GlobalSection(SolutionConfigurationPlatforms) = preSolution
		Debug|Any CPU = Debug|Any CPU
		Release|Any CPU = Release|Any CPU
	EndGlobalSection
	GlobalSection(ProjectConfigurationPlatforms) = postSolution
		{467289D8-8051-4CAF-859A-DA3411BA89F6}.Debug|Any CPU.ActiveCfg = Debug|Any CPU
		{467289D8-8051-4CAF-859A-DA3411BA89F6}.Debug|Any CPU.Build.0 = Debug|Any CPU
		{467289D8-8051-4CAF-859A-DA3411BA89F6}.Release|Any CPU.ActiveCfg = Release|Any CPU
		{467289D8-8051-4CAF-859A-DA3411BA89F6}.Release|Any CPU.Build.0 = Release|Any CPU
		{24C55181-92D3-4D2A-8276-8497B285E4DD}.Debug|Any CPU.ActiveCfg = Debug|Any CPU
		{24C55181-92D3-4D2A-8276-8497B285E4DD}.Debug|Any CPU.Build.0 = Debug|Any CPU
		{24C55181-92D3-4D2A-8276-8497B285E4DD}.Release|Any CPU.ActiveCfg = Release|Any CPU
		{24C55181-92D3-4D2A-8276-8497B285E4DD}.Release|Any CPU.Build.0 = Release|Any CPU
	EndGlobalSection
	GlobalSection(SolutionProperties) = preSolution
		HideSolutionNode = FALSE
	EndGlobalSection
EndGlobal
